// !$*UTF8*$!
{
	archiveVersion = 1;
	classes = {
	};
	objectVersion = 56;
	objects = {

/* Begin PBXBuildFile section */
		E451C4472DA16A840035E536 /* CoreDataManager.swift in Sources */ = {isa = PBXBuildFile; fileRef = E451C4462DA16A840035E536 /* CoreDataManager.swift */; };
		E451C4562DA18BC30035E536 /* RickMorty25.xcdatamodeld in Sources */ = {isa = PBXBuildFile; fileRef = E451C4542DA18BC30035E536 /* RickMorty25.xcdatamodeld */; };
		E48939032DA24CD200E3102A /* LocationEntity+CoreDataProperties.swift in Sources */ = {isa = PBXBuildFile; fileRef = E48938FD2DA24CD200E3102A /* LocationEntity+CoreDataProperties.swift */; };
		E48939052DA24CD200E3102A /* CharacterEntity+CoreDataProperties.swift in Sources */ = {isa = PBXBuildFile; fileRef = E48938FF2DA24CD200E3102A /* CharacterEntity+CoreDataProperties.swift */; };
		E48939072DA24CD200E3102A /* EpisodeEntity+CoreDataProperties.swift in Sources */ = {isa = PBXBuildFile; fileRef = E48939012DA24CD200E3102A /* EpisodeEntity+CoreDataProperties.swift */; };
		E48939092DA2522200E3102A /* String+.swift in Sources */ = {isa = PBXBuildFile; fileRef = E48939082DA2522200E3102A /* String+.swift */; };
		E489390B2DA267DA00E3102A /* CharacterData.swift in Sources */ = {isa = PBXBuildFile; fileRef = E489390A2DA267DA00E3102A /* CharacterData.swift */; };
		E489390F2DA2A8AC00E3102A /* CoreDataManager+location.swift in Sources */ = {isa = PBXBuildFile; fileRef = E489390E2DA2A8AC00E3102A /* CoreDataManager+location.swift */; };
		E48939112DA2A8F400E3102A /* CoreDataMAnager+episode.swift in Sources */ = {isa = PBXBuildFile; fileRef = E48939102DA2A8F400E3102A /* CoreDataMAnager+episode.swift */; };
		E48939132DA2B18400E3102A /* NetworkMonitor.swift in Sources */ = {isa = PBXBuildFile; fileRef = E48939122DA2B18400E3102A /* NetworkMonitor.swift */; };
		E48939182DA2EAB100E3102A /* CoreDataManager+character.swift in Sources */ = {isa = PBXBuildFile; fileRef = E48939172DA2EAB100E3102A /* CoreDataManager+character.swift */; };
		E48939202DA90C6300E3102A /* SnapKit in Frameworks */ = {isa = PBXBuildFile; productRef = E489391F2DA90C6300E3102A /* SnapKit */; };
		E48939222DA90CA900E3102A /* NetworkService+episode.swift in Sources */ = {isa = PBXBuildFile; fileRef = E48939212DA90CA900E3102A /* NetworkService+episode.swift */; };
		E48939242DA90D3B00E3102A /* NetworkService+location.swift in Sources */ = {isa = PBXBuildFile; fileRef = E48939232DA90D3B00E3102A /* NetworkService+location.swift */; };
		E48939262DA90D8500E3102A /* NetworkService+character.swift in Sources */ = {isa = PBXBuildFile; fileRef = E48939252DA90D8500E3102A /* NetworkService+character.swift */; };
		E494AA512D9FB9E400FE19D1 /* AppDelegate.swift in Sources */ = {isa = PBXBuildFile; fileRef = E494AA502D9FB9E400FE19D1 /* AppDelegate.swift */; };
		E494AA532D9FB9E400FE19D1 /* SceneDelegate.swift in Sources */ = {isa = PBXBuildFile; fileRef = E494AA522D9FB9E400FE19D1 /* SceneDelegate.swift */; };
		E494AA552D9FB9E400FE19D1 /* ViewController.swift in Sources */ = {isa = PBXBuildFile; fileRef = E494AA542D9FB9E400FE19D1 /* ViewController.swift */; };
		E494AA582D9FB9E400FE19D1 /* Base in Resources */ = {isa = PBXBuildFile; fileRef = E494AA572D9FB9E400FE19D1 /* Base */; };
		E494AA5D2D9FB9E500FE19D1 /* Assets.xcassets in Resources */ = {isa = PBXBuildFile; fileRef = E494AA5C2D9FB9E500FE19D1 /* Assets.xcassets */; };
		E494AA602D9FB9E500FE19D1 /* Base in Resources */ = {isa = PBXBuildFile; fileRef = E494AA5F2D9FB9E500FE19D1 /* Base */; };
		E494AA6A2D9FBD0600FE19D1 /* Fonts.swift in Sources */ = {isa = PBXBuildFile; fileRef = E494AA692D9FBD0600FE19D1 /* Fonts.swift */; };
		E494AA6D2D9FBD4B00FE19D1 /* Font+.swift in Sources */ = {isa = PBXBuildFile; fileRef = E494AA6C2D9FBD4B00FE19D1 /* Font+.swift */; };
		E494AA6F2D9FBD9A00FE19D1 /* NunitoSans.ttf in Resources */ = {isa = PBXBuildFile; fileRef = E494AA6E2D9FBD9A00FE19D1 /* NunitoSans.ttf */; };
		E494AA722D9FC1BF00FE19D1 /* Colors+.swift in Sources */ = {isa = PBXBuildFile; fileRef = E494AA712D9FC1BF00FE19D1 /* Colors+.swift */; };
		E494AA852D9FC83400FE19D1 /* CharactersTableViewCell.swift in Sources */ = {isa = PBXBuildFile; fileRef = E494AA842D9FC83400FE19D1 /* CharactersTableViewCell.swift */; };
		E494AA872D9FC84300FE19D1 /* CharactersListViewModel.swift in Sources */ = {isa = PBXBuildFile; fileRef = E494AA862D9FC84300FE19D1 /* CharactersListViewModel.swift */; };
		E494AA8B2D9FC85D00FE19D1 /* CharactersListViewController.swift in Sources */ = {isa = PBXBuildFile; fileRef = E494AA8A2D9FC85D00FE19D1 /* CharactersListViewController.swift */; };
		E494AA932D9FCD6400FE19D1 /* CharactersResponseData.swift in Sources */ = {isa = PBXBuildFile; fileRef = E494AA922D9FCD6400FE19D1 /* CharactersResponseData.swift */; };
		E494AA992D9FD91A00FE19D1 /* NetworkService.swift in Sources */ = {isa = PBXBuildFile; fileRef = E494AA982D9FD91A00FE19D1 /* NetworkService.swift */; };
		E494AA9C2D9FDA2600FE19D1 /* NetworkApiMethods.swift in Sources */ = {isa = PBXBuildFile; fileRef = E494AA9B2D9FDA2600FE19D1 /* NetworkApiMethods.swift */; };
		E494AA9E2D9FDAD700FE19D1 /* NetworkError.swift in Sources */ = {isa = PBXBuildFile; fileRef = E494AA9D2D9FDAD700FE19D1 /* NetworkError.swift */; };
		E494AAA92D9FEF9500FE19D1 /* CharacterViewModel.swift in Sources */ = {isa = PBXBuildFile; fileRef = E494AAA82D9FEF9500FE19D1 /* CharacterViewModel.swift */; };
		E494AAAB2D9FEF9D00FE19D1 /* CharacterView.swift in Sources */ = {isa = PBXBuildFile; fileRef = E494AAAA2D9FEF9D00FE19D1 /* CharacterView.swift */; };
		E494AAAF2D9FEFBF00FE19D1 /* CharacterViewController.swift in Sources */ = {isa = PBXBuildFile; fileRef = E494AAAE2D9FEFBF00FE19D1 /* CharacterViewController.swift */; };
		E494AAB22DA01EE200FE19D1 /* ImageLoader.swift in Sources */ = {isa = PBXBuildFile; fileRef = E494AAB12DA01EE200FE19D1 /* ImageLoader.swift */; };
		E494AAB42DA0394400FE19D1 /* LocationData.swift in Sources */ = {isa = PBXBuildFile; fileRef = E494AAB32DA0394400FE19D1 /* LocationData.swift */; };
		E494AAB72DA0396F00FE19D1 /* LocationResponseData.swift in Sources */ = {isa = PBXBuildFile; fileRef = E494AAB62DA0396F00FE19D1 /* LocationResponseData.swift */; };
		E494AABA2DA0426600FE19D1 /* EpisodeResponseData.swift in Sources */ = {isa = PBXBuildFile; fileRef = E494AAB92DA0426600FE19D1 /* EpisodeResponseData.swift */; };
		E494AABC2DA042C700FE19D1 /* EpisodeData.swift in Sources */ = {isa = PBXBuildFile; fileRef = E494AABB2DA042C700FE19D1 /* EpisodeData.swift */; };
/* End PBXBuildFile section */

/* Begin PBXFileReference section */
		E451C4462DA16A840035E536 /* CoreDataManager.swift */ = {isa = PBXFileReference; lastKnownFileType = sourcecode.swift; path = CoreDataManager.swift; sourceTree = "<group>"; };
		E451C4552DA18BC30035E536 /* RickMordy25.xcdatamodel */ = {isa = PBXFileReference; lastKnownFileType = wrapper.xcdatamodel; path = RickMordy25.xcdatamodel; sourceTree = "<group>"; };
		E48938FD2DA24CD200E3102A /* LocationEntity+CoreDataProperties.swift */ = {isa = PBXFileReference; lastKnownFileType = sourcecode.swift; path = "LocationEntity+CoreDataProperties.swift"; sourceTree = "<group>"; };
		E48938FF2DA24CD200E3102A /* CharacterEntity+CoreDataProperties.swift */ = {isa = PBXFileReference; lastKnownFileType = sourcecode.swift; path = "CharacterEntity+CoreDataProperties.swift"; sourceTree = "<group>"; };
		E48939012DA24CD200E3102A /* EpisodeEntity+CoreDataProperties.swift */ = {isa = PBXFileReference; lastKnownFileType = sourcecode.swift; path = "EpisodeEntity+CoreDataProperties.swift"; sourceTree = "<group>"; };
		E48939082DA2522200E3102A /* String+.swift */ = {isa = PBXFileReference; lastKnownFileType = sourcecode.swift; path = "String+.swift"; sourceTree = "<group>"; };
		E489390A2DA267DA00E3102A /* CharacterData.swift */ = {isa = PBXFileReference; lastKnownFileType = sourcecode.swift; path = CharacterData.swift; sourceTree = "<group>"; };
		E489390E2DA2A8AC00E3102A /* CoreDataManager+location.swift */ = {isa = PBXFileReference; lastKnownFileType = sourcecode.swift; path = "CoreDataManager+location.swift"; sourceTree = "<group>"; };
		E48939102DA2A8F400E3102A /* CoreDataMAnager+episode.swift */ = {isa = PBXFileReference; lastKnownFileType = sourcecode.swift; path = "CoreDataMAnager+episode.swift"; sourceTree = "<group>"; };
		E48939122DA2B18400E3102A /* NetworkMonitor.swift */ = {isa = PBXFileReference; lastKnownFileType = sourcecode.swift; path = NetworkMonitor.swift; sourceTree = "<group>"; };
		E48939172DA2EAB100E3102A /* CoreDataManager+character.swift */ = {isa = PBXFileReference; lastKnownFileType = sourcecode.swift; path = "CoreDataManager+character.swift"; sourceTree = "<group>"; };
		E48939212DA90CA900E3102A /* NetworkService+episode.swift */ = {isa = PBXFileReference; lastKnownFileType = sourcecode.swift; path = "NetworkService+episode.swift"; sourceTree = "<group>"; };
		E48939232DA90D3B00E3102A /* NetworkService+location.swift */ = {isa = PBXFileReference; lastKnownFileType = sourcecode.swift; path = "NetworkService+location.swift"; sourceTree = "<group>"; };
		E48939252DA90D8500E3102A /* NetworkService+character.swift */ = {isa = PBXFileReference; lastKnownFileType = sourcecode.swift; path = "NetworkService+character.swift"; sourceTree = "<group>"; };
		E494AA4D2D9FB9E400FE19D1 /* RickMorty25.app */ = {isa = PBXFileReference; explicitFileType = wrapper.application; includeInIndex = 0; path = RickMorty25.app; sourceTree = BUILT_PRODUCTS_DIR; };
		E494AA502D9FB9E400FE19D1 /* AppDelegate.swift */ = {isa = PBXFileReference; lastKnownFileType = sourcecode.swift; path = AppDelegate.swift; sourceTree = "<group>"; };
		E494AA522D9FB9E400FE19D1 /* SceneDelegate.swift */ = {isa = PBXFileReference; lastKnownFileType = sourcecode.swift; path = SceneDelegate.swift; sourceTree = "<group>"; };
		E494AA542D9FB9E400FE19D1 /* ViewController.swift */ = {isa = PBXFileReference; lastKnownFileType = sourcecode.swift; path = ViewController.swift; sourceTree = "<group>"; };
		E494AA572D9FB9E400FE19D1 /* Base */ = {isa = PBXFileReference; lastKnownFileType = file.storyboard; name = Base; path = Base.lproj/Main.storyboard; sourceTree = "<group>"; };
		E494AA5C2D9FB9E500FE19D1 /* Assets.xcassets */ = {isa = PBXFileReference; lastKnownFileType = folder.assetcatalog; path = Assets.xcassets; sourceTree = "<group>"; };
		E494AA5F2D9FB9E500FE19D1 /* Base */ = {isa = PBXFileReference; lastKnownFileType = file.storyboard; name = Base; path = Base.lproj/LaunchScreen.storyboard; sourceTree = "<group>"; };
		E494AA612D9FB9E500FE19D1 /* Info.plist */ = {isa = PBXFileReference; lastKnownFileType = text.plist.xml; path = Info.plist; sourceTree = "<group>"; };
		E494AA692D9FBD0600FE19D1 /* Fonts.swift */ = {isa = PBXFileReference; lastKnownFileType = sourcecode.swift; path = Fonts.swift; sourceTree = "<group>"; };
		E494AA6C2D9FBD4B00FE19D1 /* Font+.swift */ = {isa = PBXFileReference; lastKnownFileType = sourcecode.swift; path = "Font+.swift"; sourceTree = "<group>"; };
		E494AA6E2D9FBD9A00FE19D1 /* NunitoSans.ttf */ = {isa = PBXFileReference; lastKnownFileType = file; path = NunitoSans.ttf; sourceTree = "<group>"; };
		E494AA712D9FC1BF00FE19D1 /* Colors+.swift */ = {isa = PBXFileReference; lastKnownFileType = sourcecode.swift; path = "Colors+.swift"; sourceTree = "<group>"; };
		E494AA842D9FC83400FE19D1 /* CharactersTableViewCell.swift */ = {isa = PBXFileReference; lastKnownFileType = sourcecode.swift; path = CharactersTableViewCell.swift; sourceTree = "<group>"; };
		E494AA862D9FC84300FE19D1 /* CharactersListViewModel.swift */ = {isa = PBXFileReference; lastKnownFileType = sourcecode.swift; path = CharactersListViewModel.swift; sourceTree = "<group>"; };
		E494AA8A2D9FC85D00FE19D1 /* CharactersListViewController.swift */ = {isa = PBXFileReference; lastKnownFileType = sourcecode.swift; path = CharactersListViewController.swift; sourceTree = "<group>"; };
		E494AA922D9FCD6400FE19D1 /* CharactersResponseData.swift */ = {isa = PBXFileReference; lastKnownFileType = sourcecode.swift; path = CharactersResponseData.swift; sourceTree = "<group>"; };
		E494AA982D9FD91A00FE19D1 /* NetworkService.swift */ = {isa = PBXFileReference; lastKnownFileType = sourcecode.swift; path = NetworkService.swift; sourceTree = "<group>"; };
		E494AA9B2D9FDA2600FE19D1 /* NetworkApiMethods.swift */ = {isa = PBXFileReference; lastKnownFileType = sourcecode.swift; path = NetworkApiMethods.swift; sourceTree = "<group>"; };
		E494AA9D2D9FDAD700FE19D1 /* NetworkError.swift */ = {isa = PBXFileReference; lastKnownFileType = sourcecode.swift; path = NetworkError.swift; sourceTree = "<group>"; };
		E494AAA82D9FEF9500FE19D1 /* CharacterViewModel.swift */ = {isa = PBXFileReference; lastKnownFileType = sourcecode.swift; path = CharacterViewModel.swift; sourceTree = "<group>"; };
		E494AAAA2D9FEF9D00FE19D1 /* CharacterView.swift */ = {isa = PBXFileReference; lastKnownFileType = sourcecode.swift; path = CharacterView.swift; sourceTree = "<group>"; };
		E494AAAE2D9FEFBF00FE19D1 /* CharacterViewController.swift */ = {isa = PBXFileReference; lastKnownFileType = sourcecode.swift; path = CharacterViewController.swift; sourceTree = "<group>"; };
		E494AAB12DA01EE200FE19D1 /* ImageLoader.swift */ = {isa = PBXFileReference; lastKnownFileType = sourcecode.swift; path = ImageLoader.swift; sourceTree = "<group>"; };
		E494AAB32DA0394400FE19D1 /* LocationData.swift */ = {isa = PBXFileReference; lastKnownFileType = sourcecode.swift; path = LocationData.swift; sourceTree = "<group>"; };
		E494AAB62DA0396F00FE19D1 /* LocationResponseData.swift */ = {isa = PBXFileReference; lastKnownFileType = sourcecode.swift; path = LocationResponseData.swift; sourceTree = "<group>"; };
		E494AAB92DA0426600FE19D1 /* EpisodeResponseData.swift */ = {isa = PBXFileReference; lastKnownFileType = sourcecode.swift; path = EpisodeResponseData.swift; sourceTree = "<group>"; };
		E494AABB2DA042C700FE19D1 /* EpisodeData.swift */ = {isa = PBXFileReference; lastKnownFileType = sourcecode.swift; path = EpisodeData.swift; sourceTree = "<group>"; };
/* End PBXFileReference section */

/* Begin PBXFrameworksBuildPhase section */
		E494AA4A2D9FB9E400FE19D1 /* Frameworks */ = {
			isa = PBXFrameworksBuildPhase;
			buildActionMask = 2147483647;
			files = (
				E48939202DA90C6300E3102A /* SnapKit in Frameworks */,
			);
			runOnlyForDeploymentPostprocessing = 0;
		};
/* End PBXFrameworksBuildPhase section */

/* Begin PBXGroup section */
		E451C4452DA16A700035E536 /* CoreData */ = {
			isa = PBXGroup;
			children = (
				E451C4542DA18BC30035E536 /* RickMorty25.xcdatamodeld */,
				E451C4462DA16A840035E536 /* CoreDataManager.swift */,
				E489390E2DA2A8AC00E3102A /* CoreDataManager+location.swift */,
				E48939102DA2A8F400E3102A /* CoreDataMAnager+episode.swift */,
				E48939172DA2EAB100E3102A /* CoreDataManager+character.swift */,
			);
			path = CoreData;
			sourceTree = "<group>";
		};
		E48939192DA3CBCD00E3102A /* Model */ = {
			isa = PBXGroup;
			children = (
				E494AAB82DA0425300FE19D1 /* EpisodeData */,
				E494AAB52DA0394D00FE19D1 /* LocationData */,
				E494AA8F2D9FCD2F00FE19D1 /* CharacterData */,
			);
			path = Model;
			sourceTree = "<group>";
		};
		E494AA442D9FB9E400FE19D1 = {
			isa = PBXGroup;
			children = (
				E48938FD2DA24CD200E3102A /* LocationEntity+CoreDataProperties.swift */,
				E48938FF2DA24CD200E3102A /* CharacterEntity+CoreDataProperties.swift */,
				E48939012DA24CD200E3102A /* EpisodeEntity+CoreDataProperties.swift */,
				E494AA4F2D9FB9E400FE19D1 /* RickMorty25 */,
				E494AA4E2D9FB9E400FE19D1 /* Products */,
			);
			sourceTree = "<group>";
		};
		E494AA4E2D9FB9E400FE19D1 /* Products */ = {
			isa = PBXGroup;
			children = (
				E494AA4D2D9FB9E400FE19D1 /* RickMorty25.app */,
			);
			name = Products;
			sourceTree = "<group>";
		};
		E494AA4F2D9FB9E400FE19D1 /* RickMorty25 */ = {
			isa = PBXGroup;
			children = (
				E451C4452DA16A700035E536 /* CoreData */,
				E494AA822D9FC7C900FE19D1 /* NetworkService */,
				E494AAA72D9FEF4D00FE19D1 /* Character */,
				E494AA832D9FC80E00FE19D1 /* CharactersList */,
				E48939192DA3CBCD00E3102A /* Model */,
				E494AA6B2D9FBD3C00FE19D1 /* Extensions */,
				E494AAB02DA01E7900FE19D1 /* Utilites */,
				E494AA682D9FBCF600FE19D1 /* Resources */,
				E494AA672D9FBB9900FE19D1 /* App */,
				E494AA542D9FB9E400FE19D1 /* ViewController.swift */,
				E494AA562D9FB9E400FE19D1 /* Main.storyboard */,
				E494AA5C2D9FB9E500FE19D1 /* Assets.xcassets */,
				E494AA5E2D9FB9E500FE19D1 /* LaunchScreen.storyboard */,
				E494AA612D9FB9E500FE19D1 /* Info.plist */,
			);
			path = RickMorty25;
			sourceTree = "<group>";
		};
		E494AA672D9FBB9900FE19D1 /* App */ = {
			isa = PBXGroup;
			children = (
				E494AA502D9FB9E400FE19D1 /* AppDelegate.swift */,
				E494AA522D9FB9E400FE19D1 /* SceneDelegate.swift */,
			);
			path = App;
			sourceTree = "<group>";
		};
		E494AA682D9FBCF600FE19D1 /* Resources */ = {
			isa = PBXGroup;
			children = (
				E494AA6E2D9FBD9A00FE19D1 /* NunitoSans.ttf */,
				E494AA692D9FBD0600FE19D1 /* Fonts.swift */,
			);
			path = Resources;
			sourceTree = "<group>";
		};
		E494AA6B2D9FBD3C00FE19D1 /* Extensions */ = {
			isa = PBXGroup;
			children = (
				E494AA6C2D9FBD4B00FE19D1 /* Font+.swift */,
				E494AA712D9FC1BF00FE19D1 /* Colors+.swift */,
				E48939082DA2522200E3102A /* String+.swift */,
			);
			path = Extensions;
			sourceTree = "<group>";
		};
		E494AA822D9FC7C900FE19D1 /* NetworkService */ = {
			isa = PBXGroup;
			children = (
				E494AA982D9FD91A00FE19D1 /* NetworkService.swift */,
				E48939212DA90CA900E3102A /* NetworkService+episode.swift */,
				E48939232DA90D3B00E3102A /* NetworkService+location.swift */,
				E48939252DA90D8500E3102A /* NetworkService+character.swift */,
				E494AA9B2D9FDA2600FE19D1 /* NetworkApiMethods.swift */,
				E494AA9D2D9FDAD700FE19D1 /* NetworkError.swift */,
				E48939122DA2B18400E3102A /* NetworkMonitor.swift */,
			);
			path = NetworkService;
			sourceTree = "<group>";
		};
		E494AA832D9FC80E00FE19D1 /* CharactersList */ = {
			isa = PBXGroup;
			children = (
				E494AA862D9FC84300FE19D1 /* CharactersListViewModel.swift */,
				E494AA8A2D9FC85D00FE19D1 /* CharactersListViewController.swift */,
				E494AA842D9FC83400FE19D1 /* CharactersTableViewCell.swift */,
			);
			path = CharactersList;
			sourceTree = "<group>";
		};
		E494AA8F2D9FCD2F00FE19D1 /* CharacterData */ = {
			isa = PBXGroup;
			children = (
				E494AA922D9FCD6400FE19D1 /* CharactersResponseData.swift */,
				E489390A2DA267DA00E3102A /* CharacterData.swift */,
			);
			path = CharacterData;
			sourceTree = "<group>";
		};
		E494AAA72D9FEF4D00FE19D1 /* Character */ = {
			isa = PBXGroup;
			children = (
				E494AAA82D9FEF9500FE19D1 /* CharacterViewModel.swift */,
				E494AAAE2D9FEFBF00FE19D1 /* CharacterViewController.swift */,
				E494AAAA2D9FEF9D00FE19D1 /* CharacterView.swift */,
			);
			path = Character;
			sourceTree = "<group>";
		};
		E494AAB02DA01E7900FE19D1 /* Utilites */ = {
			isa = PBXGroup;
			children = (
				E494AAB12DA01EE200FE19D1 /* ImageLoader.swift */,
			);
			path = Utilites;
			sourceTree = "<group>";
		};
		E494AAB52DA0394D00FE19D1 /* LocationData */ = {
			isa = PBXGroup;
			children = (
				E494AAB62DA0396F00FE19D1 /* LocationResponseData.swift */,
				E494AAB32DA0394400FE19D1 /* LocationData.swift */,
			);
			path = LocationData;
			sourceTree = "<group>";
		};
		E494AAB82DA0425300FE19D1 /* EpisodeData */ = {
			isa = PBXGroup;
			children = (
				E494AAB92DA0426600FE19D1 /* EpisodeResponseData.swift */,
				E494AABB2DA042C700FE19D1 /* EpisodeData.swift */,
			);
			path = EpisodeData;
			sourceTree = "<group>";
		};
/* End PBXGroup section */

/* Begin PBXNativeTarget section */
		E494AA4C2D9FB9E400FE19D1 /* RickMorty25 */ = {
			isa = PBXNativeTarget;
			buildConfigurationList = E494AA642D9FB9E500FE19D1 /* Build configuration list for PBXNativeTarget "RickMorty25" */;
			buildPhases = (
				E494AA492D9FB9E400FE19D1 /* Sources */,
				E494AA4A2D9FB9E400FE19D1 /* Frameworks */,
				E494AA4B2D9FB9E400FE19D1 /* Resources */,
			);
			buildRules = (
			);
			dependencies = (
				E494AA7A2D9FC40900FE19D1 /* PBXTargetDependency */,
			);
			name = RickMorty25;
			packageProductDependencies = (
				E489391F2DA90C6300E3102A /* SnapKit */,
			);
			productName = RickMorty25;
			productReference = E494AA4D2D9FB9E400FE19D1 /* RickMorty25.app */;
			productType = "com.apple.product-type.application";
		};
/* End PBXNativeTarget section */

/* Begin PBXProject section */
		E494AA452D9FB9E400FE19D1 /* Project object */ = {
			isa = PBXProject;
			attributes = {
				BuildIndependentTargetsInParallel = 1;
				LastSwiftUpdateCheck = 1540;
				LastUpgradeCheck = 1540;
				TargetAttributes = {
					E494AA4C2D9FB9E400FE19D1 = {
						CreatedOnToolsVersion = 15.4;
					};
				};
			};
			buildConfigurationList = E494AA482D9FB9E400FE19D1 /* Build configuration list for PBXProject "RickMorty25" */;
			compatibilityVersion = "Xcode 14.0";
			developmentRegion = en;
			hasScannedForEncodings = 0;
			knownRegions = (
				en,
				Base,
			);
			mainGroup = E494AA442D9FB9E400FE19D1;
			packageReferences = (
				E494AA7B2D9FC5A600FE19D1 /* XCRemoteSwiftPackageReference "SwiftLint" */,
				E489391E2DA90C6300E3102A /* XCRemoteSwiftPackageReference "SnapKit" */,
			);
			productRefGroup = E494AA4E2D9FB9E400FE19D1 /* Products */;
			projectDirPath = "";
			projectRoot = "";
			targets = (
				E494AA4C2D9FB9E400FE19D1 /* RickMorty25 */,
			);
		};
/* End PBXProject section */

/* Begin PBXResourcesBuildPhase section */
		E494AA4B2D9FB9E400FE19D1 /* Resources */ = {
			isa = PBXResourcesBuildPhase;
			buildActionMask = 2147483647;
			files = (
				E494AA6F2D9FBD9A00FE19D1 /* NunitoSans.ttf in Resources */,
				E494AA5D2D9FB9E500FE19D1 /* Assets.xcassets in Resources */,
				E494AA602D9FB9E500FE19D1 /* Base in Resources */,
				E494AA582D9FB9E400FE19D1 /* Base in Resources */,
			);
			runOnlyForDeploymentPostprocessing = 0;
		};
/* End PBXResourcesBuildPhase section */

/* Begin PBXSourcesBuildPhase section */
		E494AA492D9FB9E400FE19D1 /* Sources */ = {
			isa = PBXSourcesBuildPhase;
			buildActionMask = 2147483647;
			files = (
				E494AA932D9FCD6400FE19D1 /* CharactersResponseData.swift in Sources */,
				E494AA8B2D9FC85D00FE19D1 /* CharactersListViewController.swift in Sources */,
				E494AA9E2D9FDAD700FE19D1 /* NetworkError.swift in Sources */,
				E494AA872D9FC84300FE19D1 /* CharactersListViewModel.swift in Sources */,
				E494AAB72DA0396F00FE19D1 /* LocationResponseData.swift in Sources */,
				E489390B2DA267DA00E3102A /* CharacterData.swift in Sources */,
				E494AA722D9FC1BF00FE19D1 /* Colors+.swift in Sources */,
				E451C4562DA18BC30035E536 /* RickMorty25.xcdatamodeld in Sources */,
				E494AA9C2D9FDA2600FE19D1 /* NetworkApiMethods.swift in Sources */,
				E494AAAB2D9FEF9D00FE19D1 /* CharacterView.swift in Sources */,
				E494AA6D2D9FBD4B00FE19D1 /* Font+.swift in Sources */,
				E48939032DA24CD200E3102A /* LocationEntity+CoreDataProperties.swift in Sources */,
				E48939052DA24CD200E3102A /* CharacterEntity+CoreDataProperties.swift in Sources */,
				E48939072DA24CD200E3102A /* EpisodeEntity+CoreDataProperties.swift in Sources */,
				E489390F2DA2A8AC00E3102A /* CoreDataManager+location.swift in Sources */,
				E494AA992D9FD91A00FE19D1 /* NetworkService.swift in Sources */,
				E494AAA92D9FEF9500FE19D1 /* CharacterViewModel.swift in Sources */,
				E494AA852D9FC83400FE19D1 /* CharactersTableViewCell.swift in Sources */,
				E494AAB22DA01EE200FE19D1 /* ImageLoader.swift in Sources */,
				E494AA552D9FB9E400FE19D1 /* ViewController.swift in Sources */,
				E48939132DA2B18400E3102A /* NetworkMonitor.swift in Sources */,
				E48939242DA90D3B00E3102A /* NetworkService+location.swift in Sources */,
				E494AA6A2D9FBD0600FE19D1 /* Fonts.swift in Sources */,
				E48939092DA2522200E3102A /* String+.swift in Sources */,
				E494AAAF2D9FEFBF00FE19D1 /* CharacterViewController.swift in Sources */,
				E451C4472DA16A840035E536 /* CoreDataManager.swift in Sources */,
				E494AA512D9FB9E400FE19D1 /* AppDelegate.swift in Sources */,
				E494AA532D9FB9E400FE19D1 /* SceneDelegate.swift in Sources */,
				E48939222DA90CA900E3102A /* NetworkService+episode.swift in Sources */,
				E494AAB42DA0394400FE19D1 /* LocationData.swift in Sources */,
				E48939262DA90D8500E3102A /* NetworkService+character.swift in Sources */,
				E48939182DA2EAB100E3102A /* CoreDataManager+character.swift in Sources */,
				E494AABA2DA0426600FE19D1 /* EpisodeResponseData.swift in Sources */,
				E48939112DA2A8F400E3102A /* CoreDataMAnager+episode.swift in Sources */,
				E494AABC2DA042C700FE19D1 /* EpisodeData.swift in Sources */,
			);
			runOnlyForDeploymentPostprocessing = 0;
		};
/* End PBXSourcesBuildPhase section */

/* Begin PBXTargetDependency section */
		E494AA7A2D9FC40900FE19D1 /* PBXTargetDependency */ = {
			isa = PBXTargetDependency;
			productRef = E494AA792D9FC40900FE19D1 /* SwiftLintBuildToolPlugin */;
		};
/* End PBXTargetDependency section */

/* Begin PBXVariantGroup section */
		E494AA562D9FB9E400FE19D1 /* Main.storyboard */ = {
			isa = PBXVariantGroup;
			children = (
				E494AA572D9FB9E400FE19D1 /* Base */,
			);
			name = Main.storyboard;
			sourceTree = "<group>";
		};
		E494AA5E2D9FB9E500FE19D1 /* LaunchScreen.storyboard */ = {
			isa = PBXVariantGroup;
			children = (
				E494AA5F2D9FB9E500FE19D1 /* Base */,
			);
			name = LaunchScreen.storyboard;
			sourceTree = "<group>";
		};
/* End PBXVariantGroup section */

/* Begin XCBuildConfiguration section */
		E494AA622D9FB9E500FE19D1 /* Debug */ = {
			isa = XCBuildConfiguration;
			buildSettings = {
				ALWAYS_SEARCH_USER_PATHS = NO;
				ASSETCATALOG_COMPILER_GENERATE_SWIFT_ASSET_SYMBOL_EXTENSIONS = YES;
				CLANG_ANALYZER_NONNULL = YES;
				CLANG_ANALYZER_NUMBER_OBJECT_CONVERSION = YES_AGGRESSIVE;
				CLANG_CXX_LANGUAGE_STANDARD = "gnu++20";
				CLANG_ENABLE_MODULES = YES;
				CLANG_ENABLE_OBJC_ARC = YES;
				CLANG_ENABLE_OBJC_WEAK = YES;
				CLANG_WARN_BLOCK_CAPTURE_AUTORELEASING = YES;
				CLANG_WARN_BOOL_CONVERSION = YES;
				CLANG_WARN_COMMA = YES;
				CLANG_WARN_CONSTANT_CONVERSION = YES;
				CLANG_WARN_DEPRECATED_OBJC_IMPLEMENTATIONS = YES;
				CLANG_WARN_DIRECT_OBJC_ISA_USAGE = YES_ERROR;
				CLANG_WARN_DOCUMENTATION_COMMENTS = YES;
				CLANG_WARN_EMPTY_BODY = YES;
				CLANG_WARN_ENUM_CONVERSION = YES;
				CLANG_WARN_INFINITE_RECURSION = YES;
				CLANG_WARN_INT_CONVERSION = YES;
				CLANG_WARN_NON_LITERAL_NULL_CONVERSION = YES;
				CLANG_WARN_OBJC_IMPLICIT_RETAIN_SELF = YES;
				CLANG_WARN_OBJC_LITERAL_CONVERSION = YES;
				CLANG_WARN_OBJC_ROOT_CLASS = YES_ERROR;
				CLANG_WARN_QUOTED_INCLUDE_IN_FRAMEWORK_HEADER = YES;
				CLANG_WARN_RANGE_LOOP_ANALYSIS = YES;
				CLANG_WARN_STRICT_PROTOTYPES = YES;
				CLANG_WARN_SUSPICIOUS_MOVE = YES;
				CLANG_WARN_UNGUARDED_AVAILABILITY = YES_AGGRESSIVE;
				CLANG_WARN_UNREACHABLE_CODE = YES;
				CLANG_WARN__DUPLICATE_METHOD_MATCH = YES;
				COPY_PHASE_STRIP = NO;
				DEBUG_INFORMATION_FORMAT = dwarf;
				ENABLE_STRICT_OBJC_MSGSEND = YES;
				ENABLE_TESTABILITY = YES;
				ENABLE_USER_SCRIPT_SANDBOXING = YES;
				GCC_C_LANGUAGE_STANDARD = gnu17;
				GCC_DYNAMIC_NO_PIC = NO;
				GCC_NO_COMMON_BLOCKS = YES;
				GCC_OPTIMIZATION_LEVEL = 0;
				GCC_PREPROCESSOR_DEFINITIONS = (
					"DEBUG=1",
					"$(inherited)",
				);
				GCC_WARN_64_TO_32_BIT_CONVERSION = YES;
				GCC_WARN_ABOUT_RETURN_TYPE = YES_ERROR;
				GCC_WARN_UNDECLARED_SELECTOR = YES;
				GCC_WARN_UNINITIALIZED_AUTOS = YES_AGGRESSIVE;
				GCC_WARN_UNUSED_FUNCTION = YES;
				GCC_WARN_UNUSED_VARIABLE = YES;
				IPHONEOS_DEPLOYMENT_TARGET = 15.0;
				LOCALIZATION_PREFERS_STRING_CATALOGS = YES;
				MTL_ENABLE_DEBUG_INFO = INCLUDE_SOURCE;
				MTL_FAST_MATH = YES;
				ONLY_ACTIVE_ARCH = YES;
				SDKROOT = iphoneos;
				SWIFT_ACTIVE_COMPILATION_CONDITIONS = "DEBUG $(inherited)";
				SWIFT_OPTIMIZATION_LEVEL = "-Onone";
			};
			name = Debug;
		};
		E494AA632D9FB9E500FE19D1 /* Release */ = {
			isa = XCBuildConfiguration;
			buildSettings = {
				ALWAYS_SEARCH_USER_PATHS = NO;
				ASSETCATALOG_COMPILER_GENERATE_SWIFT_ASSET_SYMBOL_EXTENSIONS = YES;
				CLANG_ANALYZER_NONNULL = YES;
				CLANG_ANALYZER_NUMBER_OBJECT_CONVERSION = YES_AGGRESSIVE;
				CLANG_CXX_LANGUAGE_STANDARD = "gnu++20";
				CLANG_ENABLE_MODULES = YES;
				CLANG_ENABLE_OBJC_ARC = YES;
				CLANG_ENABLE_OBJC_WEAK = YES;
				CLANG_WARN_BLOCK_CAPTURE_AUTORELEASING = YES;
				CLANG_WARN_BOOL_CONVERSION = YES;
				CLANG_WARN_COMMA = YES;
				CLANG_WARN_CONSTANT_CONVERSION = YES;
				CLANG_WARN_DEPRECATED_OBJC_IMPLEMENTATIONS = YES;
				CLANG_WARN_DIRECT_OBJC_ISA_USAGE = YES_ERROR;
				CLANG_WARN_DOCUMENTATION_COMMENTS = YES;
				CLANG_WARN_EMPTY_BODY = YES;
				CLANG_WARN_ENUM_CONVERSION = YES;
				CLANG_WARN_INFINITE_RECURSION = YES;
				CLANG_WARN_INT_CONVERSION = YES;
				CLANG_WARN_NON_LITERAL_NULL_CONVERSION = YES;
				CLANG_WARN_OBJC_IMPLICIT_RETAIN_SELF = YES;
				CLANG_WARN_OBJC_LITERAL_CONVERSION = YES;
				CLANG_WARN_OBJC_ROOT_CLASS = YES_ERROR;
				CLANG_WARN_QUOTED_INCLUDE_IN_FRAMEWORK_HEADER = YES;
				CLANG_WARN_RANGE_LOOP_ANALYSIS = YES;
				CLANG_WARN_STRICT_PROTOTYPES = YES;
				CLANG_WARN_SUSPICIOUS_MOVE = YES;
				CLANG_WARN_UNGUARDED_AVAILABILITY = YES_AGGRESSIVE;
				CLANG_WARN_UNREACHABLE_CODE = YES;
				CLANG_WARN__DUPLICATE_METHOD_MATCH = YES;
				COPY_PHASE_STRIP = NO;
				DEBUG_INFORMATION_FORMAT = "dwarf-with-dsym";
				ENABLE_NS_ASSERTIONS = NO;
				ENABLE_STRICT_OBJC_MSGSEND = YES;
				ENABLE_USER_SCRIPT_SANDBOXING = YES;
				GCC_C_LANGUAGE_STANDARD = gnu17;
				GCC_NO_COMMON_BLOCKS = YES;
				GCC_WARN_64_TO_32_BIT_CONVERSION = YES;
				GCC_WARN_ABOUT_RETURN_TYPE = YES_ERROR;
				GCC_WARN_UNDECLARED_SELECTOR = YES;
				GCC_WARN_UNINITIALIZED_AUTOS = YES_AGGRESSIVE;
				GCC_WARN_UNUSED_FUNCTION = YES;
				GCC_WARN_UNUSED_VARIABLE = YES;
				IPHONEOS_DEPLOYMENT_TARGET = 15.0;
				LOCALIZATION_PREFERS_STRING_CATALOGS = YES;
				MTL_ENABLE_DEBUG_INFO = NO;
				MTL_FAST_MATH = YES;
				SDKROOT = iphoneos;
				SWIFT_COMPILATION_MODE = wholemodule;
				VALIDATE_PRODUCT = YES;
			};
			name = Release;
		};
		E494AA652D9FB9E500FE19D1 /* Debug */ = {
			isa = XCBuildConfiguration;
			buildSettings = {
				ASSETCATALOG_COMPILER_APPICON_NAME = AppIcon;
				ASSETCATALOG_COMPILER_GLOBAL_ACCENT_COLOR_NAME = AccentColor;
				CODE_SIGN_STYLE = Automatic;
				CURRENT_PROJECT_VERSION = 1;
				DEVELOPMENT_TEAM = H5JZ2X9AGC;
				GENERATE_INFOPLIST_FILE = YES;
				INFOPLIST_FILE = RickMorty25/Info.plist;
				INFOPLIST_KEY_UIApplicationSupportsIndirectInputEvents = YES;
				INFOPLIST_KEY_UILaunchStoryboardName = LaunchScreen;
				INFOPLIST_KEY_UISupportedInterfaceOrientations_iPad = "UIInterfaceOrientationPortrait UIInterfaceOrientationPortraitUpsideDown UIInterfaceOrientationLandscapeLeft UIInterfaceOrientationLandscapeRight";
				INFOPLIST_KEY_UISupportedInterfaceOrientations_iPhone = "UIInterfaceOrientationPortrait UIInterfaceOrientationLandscapeLeft UIInterfaceOrientationLandscapeRight";
				IPHONEOS_DEPLOYMENT_TARGET = 15.0;
				LD_RUNPATH_SEARCH_PATHS = (
					"$(inherited)",
					"@executable_path/Frameworks",
				);
				MARKETING_VERSION = 1.0;
				PRODUCT_BUNDLE_IDENTIFIER = com.klykavka.RickMorty25;
				PRODUCT_NAME = "$(TARGET_NAME)";
				SWIFT_EMIT_LOC_STRINGS = YES;
				SWIFT_VERSION = 5.0;
				TARGETED_DEVICE_FAMILY = "1,2";
			};
			name = Debug;
		};
		E494AA662D9FB9E500FE19D1 /* Release */ = {
			isa = XCBuildConfiguration;
			buildSettings = {
				ASSETCATALOG_COMPILER_APPICON_NAME = AppIcon;
				ASSETCATALOG_COMPILER_GLOBAL_ACCENT_COLOR_NAME = AccentColor;
				CODE_SIGN_STYLE = Automatic;
				CURRENT_PROJECT_VERSION = 1;
				DEVELOPMENT_TEAM = H5JZ2X9AGC;
				GENERATE_INFOPLIST_FILE = YES;
				INFOPLIST_FILE = RickMorty25/Info.plist;
				INFOPLIST_KEY_UIApplicationSupportsIndirectInputEvents = YES;
				INFOPLIST_KEY_UILaunchStoryboardName = LaunchScreen;
				INFOPLIST_KEY_UISupportedInterfaceOrientations_iPad = "UIInterfaceOrientationPortrait UIInterfaceOrientationPortraitUpsideDown UIInterfaceOrientationLandscapeLeft UIInterfaceOrientationLandscapeRight";
				INFOPLIST_KEY_UISupportedInterfaceOrientations_iPhone = "UIInterfaceOrientationPortrait UIInterfaceOrientationLandscapeLeft UIInterfaceOrientationLandscapeRight";
				IPHONEOS_DEPLOYMENT_TARGET = 15.0;
				LD_RUNPATH_SEARCH_PATHS = (
					"$(inherited)",
					"@executable_path/Frameworks",
				);
				MARKETING_VERSION = 1.0;
				PRODUCT_BUNDLE_IDENTIFIER = com.klykavka.RickMorty25;
				PRODUCT_NAME = "$(TARGET_NAME)";
				SWIFT_EMIT_LOC_STRINGS = YES;
				SWIFT_VERSION = 5.0;
				TARGETED_DEVICE_FAMILY = "1,2";
			};
			name = Release;
		};
/* End XCBuildConfiguration section */

/* Begin XCConfigurationList section */
		E494AA482D9FB9E400FE19D1 /* Build configuration list for PBXProject "RickMorty25" */ = {
			isa = XCConfigurationList;
			buildConfigurations = (
				E494AA622D9FB9E500FE19D1 /* Debug */,
				E494AA632D9FB9E500FE19D1 /* Release */,
			);
			defaultConfigurationIsVisible = 0;
			defaultConfigurationName = Release;
		};
		E494AA642D9FB9E500FE19D1 /* Build configuration list for PBXNativeTarget "RickMorty25" */ = {
			isa = XCConfigurationList;
			buildConfigurations = (
				E494AA652D9FB9E500FE19D1 /* Debug */,
				E494AA662D9FB9E500FE19D1 /* Release */,
			);
			defaultConfigurationIsVisible = 0;
			defaultConfigurationName = Release;
		};
/* End XCConfigurationList section */

/* Begin XCRemoteSwiftPackageReference section */
		E489391E2DA90C6300E3102A /* XCRemoteSwiftPackageReference "SnapKit" */ = {
			isa = XCRemoteSwiftPackageReference;
			repositoryURL = "https://github.com/SnapKit/SnapKit";
			requirement = {
				kind = upToNextMajorVersion;
				minimumVersion = 5.7.1;
			};
		};
		E494AA762D9FC3CB00FE19D1 /* XCRemoteSwiftPackageReference "SwiftLint" */ = {
			isa = XCRemoteSwiftPackageReference;
			repositoryURL = "https://github.com/realm/SwiftLint";
			requirement = {
				kind = upToNextMajorVersion;
				minimumVersion = 0.58.2;
			};
		};
		E494AA7B2D9FC5A600FE19D1 /* XCRemoteSwiftPackageReference "SwiftLint" */ = {
			isa = XCRemoteSwiftPackageReference;
			repositoryURL = "https://github.com/realm/SwiftLint";
			requirement = {
				kind = upToNextMajorVersion;
				minimumVersion = 0.58.2;
			};
		};
/* End XCRemoteSwiftPackageReference section */

/* Begin XCSwiftPackageProductDependency section */
		E489391F2DA90C6300E3102A /* SnapKit */ = {
			isa = XCSwiftPackageProductDependency;
			package = E489391E2DA90C6300E3102A /* XCRemoteSwiftPackageReference "SnapKit" */;
			productName = SnapKit;
		};
		E494AA792D9FC40900FE19D1 /* SwiftLintBuildToolPlugin */ = {
			isa = XCSwiftPackageProductDependency;
			package = E494AA762D9FC3CB00FE19D1 /* XCRemoteSwiftPackageReference "SwiftLint" */;
			productName = "plugin:SwiftLintBuildToolPlugin";
		};
/* End XCSwiftPackageProductDependency section */

/* Begin XCVersionGroup section */
		E451C4542DA18BC30035E536 /* RickMorty25.xcdatamodeld */ = {
			isa = XCVersionGroup;
			children = (
				E451C4552DA18BC30035E536 /* RickMordy25.xcdatamodel */,
			);
			currentVersion = E451C4552DA18BC30035E536 /* RickMordy25.xcdatamodel */;
			name = RickMorty25.xcdatamodeld;
			path = ../RickMorty25.xcdatamodeld;
			sourceTree = "<group>";
			versionGroupType = wrapper.xcdatamodel;
		};
/* End XCVersionGroup section */
	};
	rootObject = E494AA452D9FB9E400FE19D1 /* Project object */;
}
